
Microsoft Visual Studio Solution File, Format Version 12.00
# Visual Studio 15
VisualStudioVersion = 15.0.27004.2010
MinimumVisualStudioVersion = 10.0.40219.1
Project("{8BC9CEB8-8B4A-11D0-8D11-00A0C91BC942}") = "curlWikimedia", "curlWikimedia\curlWikimedia.vcxproj", "{C21E5EF2-56CC-4FD3-B1F0-5C9466503CBF}"
EndProject
Global
	GlobalSection(SolutionConfigurationPlatforms) = preSolution
		Debug|x64 = Debug|x64
		Debug|x86 = Debug|x86
		Release|x64 = Release|x64
		Release|x86 = Release|x86
	EndGlobalSection
	GlobalSection(ProjectConfigurationPlatforms) = postSolution
		{C21E5EF2-56CC-4FD3-B1F0-5C9466503CBF}.Debug|x64.ActiveCfg = Debug|x64
		{C21E5EF2-56CC-4FD3-B1F0-5C9466503CBF}.Debug|x64.Build.0 = Debug|x64
		{C21E5EF2-56CC-4FD3-B1F0-5C9466503CBF}.Debug|x86.ActiveCfg = Debug|Win32
		{C21E5EF2-56CC-4FD3-B1F0-5C9466503CBF}.Debug|x86.Build.0 = Debug|Win32
		{C21E5EF2-56CC-4FD3-B1F0-5C9466503CBF}.Release|x64.ActiveCfg = Release|x64
		{C21E5EF2-56CC-4FD3-B1F0-5C9466503CBF}.Release|x64.Build.0 = Release|x64
		{C21E5EF2-56CC-4FD3-B1F0-5C9466503CBF}.Release|x86.ActiveCfg = Release|Win32
		{C21E5EF2-56CC-4FD3-B1F0-5C9466503CBF}.Release|x86.Build.0 = Release|Win32
	EndGlobalSection
	GlobalSection(SolutionProperties) = preSolution
		HideSolutionNode = FALSE
	EndGlobalSection
	GlobalSection(ExtensibilityGlobals) = postSolution
		SolutionGuid = {338F7562-B435-490B-9FD8-B90CE9061C24}
	EndGlobalSection
EndGlobal
